Microsoft Visual Studio Solution File, Format Version 12.00
# Visual Studio 15
VisualStudioVersion = 15.0.26228.4
MinimumVisualStudioVersion = 10.0.40219.1
Project("{FAE04EC0-301F-11D3-BF4B-00C04F79EFBC}") = "sly", "sly\sly.csproj", "{E10CD5E3-0049-45C1-BE38-5D0EF074881D}"
EndProject
Project("{9A19103F-16F7-4668-BE54-9A1E7A4F7556}") = "jsonparser", "jsonparser\jsonparser.csproj", "{A0A0A026-C902-4646-A22E-BD5BBCD4AB6A}"
EndProject
Project("{FAE04EC0-301F-11D3-BF4B-00C04F79EFBC}") = "ParserTests", "ParserTests\ParserTests.csproj", "{3BE9D05E-B17B-4A4B-9639-A48E51857A51}"
EndProject
Project("{FAE04EC0-301F-11D3-BF4B-00C04F79EFBC}") = "ParserExample", "ParserExample\ParserExample.csproj", "{9CF0151C-B25A-463D-ACEA-1F6DEDCFD91E}"
EndProject
Project("{9A19103F-16F7-4668-BE54-9A1E7A4F7556}") = "expressionParser", "expressionParser\expressionParser.csproj", "{21FA2DD5-A47C-457B-BFB6-F9B24205FD7E}"
EndProject
Global
	GlobalSection(Performance) = preSolution
		HasPerformanceSessions = true
	EndGlobalSection
	GlobalSection(SolutionConfigurationPlatforms) = preSolution
		Debug|Any CPU = Debug|Any CPU
		Debug|x64 = Debug|x64
		Debug|x86 = Debug|x86
		Release|Any CPU = Release|Any CPU
		Release|x64 = Release|x64
		Release|x86 = Release|x86
	EndGlobalSection
	GlobalSection(ProjectConfigurationPlatforms) = postSolution
		{E10CD5E3-0049-45C1-BE38-5D0EF074881D}.Debug|Any CPU.ActiveCfg = Debug|Any CPU
		{E10CD5E3-0049-45C1-BE38-5D0EF074881D}.Debug|Any CPU.Build.0 = Debug|Any CPU
		{E10CD5E3-0049-45C1-BE38-5D0EF074881D}.Debug|x64.ActiveCfg = Debug|Any CPU
		{E10CD5E3-0049-45C1-BE38-5D0EF074881D}.Debug|x86.ActiveCfg = Debug|Any CPU
		{E10CD5E3-0049-45C1-BE38-5D0EF074881D}.Debug|x86.Build.0 = Debug|Any CPU
		{E10CD5E3-0049-45C1-BE38-5D0EF074881D}.Release|Any CPU.ActiveCfg = Release|Any CPU
		{E10CD5E3-0049-45C1-BE38-5D0EF074881D}.Release|Any CPU.Build.0 = Release|Any CPU
		{E10CD5E3-0049-45C1-BE38-5D0EF074881D}.Release|x64.ActiveCfg = Release|Any CPU
		{E10CD5E3-0049-45C1-BE38-5D0EF074881D}.Release|x86.ActiveCfg = Release|x86
		{E10CD5E3-0049-45C1-BE38-5D0EF074881D}.Release|x86.Build.0 = Release|x86
		{A0A0A026-C902-4646-A22E-BD5BBCD4AB6A}.Debug|Any CPU.ActiveCfg = Debug|Any CPU
		{A0A0A026-C902-4646-A22E-BD5BBCD4AB6A}.Debug|Any CPU.Build.0 = Debug|Any CPU
		{A0A0A026-C902-4646-A22E-BD5BBCD4AB6A}.Debug|x64.ActiveCfg = Debug|Any CPU
		{A0A0A026-C902-4646-A22E-BD5BBCD4AB6A}.Debug|x86.ActiveCfg = Debug|x86
		{A0A0A026-C902-4646-A22E-BD5BBCD4AB6A}.Debug|x86.Build.0 = Debug|x86
		{A0A0A026-C902-4646-A22E-BD5BBCD4AB6A}.Release|Any CPU.ActiveCfg = Release|Any CPU
		{A0A0A026-C902-4646-A22E-BD5BBCD4AB6A}.Release|Any CPU.Build.0 = Release|Any CPU
		{A0A0A026-C902-4646-A22E-BD5BBCD4AB6A}.Release|x64.ActiveCfg = Release|Any CPU
		{A0A0A026-C902-4646-A22E-BD5BBCD4AB6A}.Release|x86.ActiveCfg = Release|x86
		{A0A0A026-C902-4646-A22E-BD5BBCD4AB6A}.Release|x86.Build.0 = Release|x86
		{3BE9D05E-B17B-4A4B-9639-A48E51857A51}.Debug|Any CPU.ActiveCfg = Debug|Any CPU
		{3BE9D05E-B17B-4A4B-9639-A48E51857A51}.Debug|Any CPU.Build.0 = Debug|Any CPU
		{3BE9D05E-B17B-4A4B-9639-A48E51857A51}.Debug|x64.ActiveCfg = Debug|Any CPU
		{3BE9D05E-B17B-4A4B-9639-A48E51857A51}.Debug|x64.Build.0 = Debug|Any CPU
		{3BE9D05E-B17B-4A4B-9639-A48E51857A51}.Debug|x86.ActiveCfg = Debug|Any CPU
		{3BE9D05E-B17B-4A4B-9639-A48E51857A51}.Debug|x86.Build.0 = Debug|Any CPU
		{3BE9D05E-B17B-4A4B-9639-A48E51857A51}.Release|Any CPU.ActiveCfg = Release|Any CPU
		{3BE9D05E-B17B-4A4B-9639-A48E51857A51}.Release|Any CPU.Build.0 = Release|Any CPU
		{3BE9D05E-B17B-4A4B-9639-A48E51857A51}.Release|x64.ActiveCfg = Release|Any CPU
		{3BE9D05E-B17B-4A4B-9639-A48E51857A51}.Release|x64.Build.0 = Release|Any CPU
		{3BE9D05E-B17B-4A4B-9639-A48E51857A51}.Release|x86.ActiveCfg = Release|Any CPU
		{3BE9D05E-B17B-4A4B-9639-A48E51857A51}.Release|x86.Build.0 = Release|Any CPU
		{9CF0151C-B25A-463D-ACEA-1F6DEDCFD91E}.Debug|Any CPU.ActiveCfg = Debug|Any CPU
		{9CF0151C-B25A-463D-ACEA-1F6DEDCFD91E}.Debug|Any CPU.Build.0 = Debug|Any CPU
		{9CF0151C-B25A-463D-ACEA-1F6DEDCFD91E}.Debug|x64.ActiveCfg = Debug|Any CPU
		{9CF0151C-B25A-463D-ACEA-1F6DEDCFD91E}.Debug|x64.Build.0 = Debug|Any CPU
		{9CF0151C-B25A-463D-ACEA-1F6DEDCFD91E}.Debug|x86.ActiveCfg = Debug|Any CPU
		{9CF0151C-B25A-463D-ACEA-1F6DEDCFD91E}.Debug|x86.Build.0 = Debug|Any CPU
		{9CF0151C-B25A-463D-ACEA-1F6DEDCFD91E}.Release|Any CPU.ActiveCfg = Release|Any CPU
		{9CF0151C-B25A-463D-ACEA-1F6DEDCFD91E}.Release|Any CPU.Build.0 = Release|Any CPU
		{9CF0151C-B25A-463D-ACEA-1F6DEDCFD91E}.Release|x64.ActiveCfg = Release|Any CPU
		{9CF0151C-B25A-463D-ACEA-1F6DEDCFD91E}.Release|x64.Build.0 = Release|Any CPU
		{9CF0151C-B25A-463D-ACEA-1F6DEDCFD91E}.Release|x86.ActiveCfg = Release|Any CPU
		{9CF0151C-B25A-463D-ACEA-1F6DEDCFD91E}.Release|x86.Build.0 = Release|Any CPU
		{21FA2DD5-A47C-457B-BFB6-F9B24205FD7E}.Debug|Any CPU.ActiveCfg = Debug|Any CPU
		{21FA2DD5-A47C-457B-BFB6-F9B24205FD7E}.Debug|Any CPU.Build.0 = Debug|Any CPU
		{21FA2DD5-A47C-457B-BFB6-F9B24205FD7E}.Debug|x64.ActiveCfg = Debug|Any CPU
		{21FA2DD5-A47C-457B-BFB6-F9B24205FD7E}.Debug|x64.Build.0 = Debug|Any CPU
		{21FA2DD5-A47C-457B-BFB6-F9B24205FD7E}.Debug|x86.ActiveCfg = Debug|x86
		{21FA2DD5-A47C-457B-BFB6-F9B24205FD7E}.Debug|x86.Build.0 = Debug|x86
		{21FA2DD5-A47C-457B-BFB6-F9B24205FD7E}.Release|Any CPU.ActiveCfg = Release|Any CPU
		{21FA2DD5-A47C-457B-BFB6-F9B24205FD7E}.Release|Any CPU.Build.0 = Release|Any CPU
		{21FA2DD5-A47C-457B-BFB6-F9B24205FD7E}.Release|x64.ActiveCfg = Release|Any CPU
		{21FA2DD5-A47C-457B-BFB6-F9B24205FD7E}.Release|x64.Build.0 = Release|Any CPU
		{21FA2DD5-A47C-457B-BFB6-F9B24205FD7E}.Release|x86.ActiveCfg = Release|x86
		{21FA2DD5-A47C-457B-BFB6-F9B24205FD7E}.Release|x86.Build.0 = Release|x86
	EndGlobalSection
	GlobalSection(SolutionProperties) = preSolution
		HideSolutionNode = FALSE
	EndGlobalSection
EndGlobal
