
Microsoft Visual Studio Solution File, Format Version 12.00
# Visual Studio 15
VisualStudioVersion = 15.0.27004.2005
MinimumVisualStudioVersion = 10.0.40219.1
Project("{9A19103F-16F7-4668-BE54-9A1E7A4F7556}") = "sly", "sly\sly.csproj", "{E10CD5E3-0049-45C1-BE38-5D0EF074881D}"
EndProject
Project("{9A19103F-16F7-4668-BE54-9A1E7A4F7556}") = "ParserTests", "ParserTests\ParserTests.csproj", "{3BE9D05E-B17B-4A4B-9639-A48E51857A51}"
EndProject
Project("{9A19103F-16F7-4668-BE54-9A1E7A4F7556}") = "expressionParser", "samples\expressionParser\expressionParser.csproj", "{21FA2DD5-A47C-457B-BFB6-F9B24205FD7E}"
EndProject
Project("{2150E333-8FDC-42A3-9474-1A3956D46DE8}") = "samples", "samples", "{36ED7F1A-2E81-4A71-81FE-A357E5840A33}"
EndProject
Project("{9A19103F-16F7-4668-BE54-9A1E7A4F7556}") = "jsonparser", "samples\jsonparser\jsonparser.csproj", "{0103BED9-DDCC-4867-9DED-6CBC68D344AC}"
EndProject
Project("{9A19103F-16F7-4668-BE54-9A1E7A4F7556}") = "ParserExample", "samples\ParserExample\ParserExample.csproj", "{B8DD555A-04F0-4908-8B06-A21292648B2F}"
EndProject
Project("{9A19103F-16F7-4668-BE54-9A1E7A4F7556}") = "SimpleExpressionParser", "samples\SimpleExpressionParser\SimpleExpressionParser.csproj", "{CA92D7D9-40AA-4B7B-BEBC-B9180CCEB7D6}"
EndProject
Project("{2150E333-8FDC-42A3-9474-1A3956D46DE8}") = "Solution Items", "Solution Items", "{9B288577-1AF6-4F42-8BBE-CACC0BF8A51D}"
EndProject
Project("{9A19103F-16F7-4668-BE54-9A1E7A4F7556}") = "while", "samples\while\while.csproj", "{E0375D19-488A-4D5C-83E9-683552D5F4E5}"
EndProject
Global
	GlobalSection(SolutionConfigurationPlatforms) = preSolution
		Debug|Any CPU = Debug|Any CPU
		Debug|x64 = Debug|x64
		Debug|x86 = Debug|x86
		Release|Any CPU = Release|Any CPU
		Release|x64 = Release|x64
		Release|x86 = Release|x86
	EndGlobalSection
	GlobalSection(ProjectConfigurationPlatforms) = postSolution
		{E10CD5E3-0049-45C1-BE38-5D0EF074881D}.Debug|Any CPU.ActiveCfg = Debug|Any CPU
		{E10CD5E3-0049-45C1-BE38-5D0EF074881D}.Debug|Any CPU.Build.0 = Debug|Any CPU
		{E10CD5E3-0049-45C1-BE38-5D0EF074881D}.Debug|x64.ActiveCfg = Debug|Any CPU
		{E10CD5E3-0049-45C1-BE38-5D0EF074881D}.Debug|x86.ActiveCfg = Debug|Any CPU
		{E10CD5E3-0049-45C1-BE38-5D0EF074881D}.Debug|x86.Build.0 = Debug|Any CPU
		{E10CD5E3-0049-45C1-BE38-5D0EF074881D}.Release|Any CPU.ActiveCfg = Release|Any CPU
		{E10CD5E3-0049-45C1-BE38-5D0EF074881D}.Release|Any CPU.Build.0 = Release|Any CPU
		{E10CD5E3-0049-45C1-BE38-5D0EF074881D}.Release|x64.ActiveCfg = Release|Any CPU
		{E10CD5E3-0049-45C1-BE38-5D0EF074881D}.Release|x86.ActiveCfg = Release|Any CPU
		{E10CD5E3-0049-45C1-BE38-5D0EF074881D}.Release|x86.Build.0 = Release|Any CPU
		{3BE9D05E-B17B-4A4B-9639-A48E51857A51}.Debug|Any CPU.ActiveCfg = Debug|Any CPU
		{3BE9D05E-B17B-4A4B-9639-A48E51857A51}.Debug|Any CPU.Build.0 = Debug|Any CPU
		{3BE9D05E-B17B-4A4B-9639-A48E51857A51}.Debug|x64.ActiveCfg = Debug|Any CPU
		{3BE9D05E-B17B-4A4B-9639-A48E51857A51}.Debug|x64.Build.0 = Debug|Any CPU
		{3BE9D05E-B17B-4A4B-9639-A48E51857A51}.Debug|x86.ActiveCfg = Debug|Any CPU
		{3BE9D05E-B17B-4A4B-9639-A48E51857A51}.Debug|x86.Build.0 = Debug|Any CPU
		{3BE9D05E-B17B-4A4B-9639-A48E51857A51}.Release|Any CPU.ActiveCfg = Release|Any CPU
		{3BE9D05E-B17B-4A4B-9639-A48E51857A51}.Release|Any CPU.Build.0 = Release|Any CPU
		{3BE9D05E-B17B-4A4B-9639-A48E51857A51}.Release|x64.ActiveCfg = Release|Any CPU
		{3BE9D05E-B17B-4A4B-9639-A48E51857A51}.Release|x64.Build.0 = Release|Any CPU
		{3BE9D05E-B17B-4A4B-9639-A48E51857A51}.Release|x86.ActiveCfg = Release|Any CPU
		{3BE9D05E-B17B-4A4B-9639-A48E51857A51}.Release|x86.Build.0 = Release|Any CPU
		{21FA2DD5-A47C-457B-BFB6-F9B24205FD7E}.Debug|Any CPU.ActiveCfg = Debug|Any CPU
		{21FA2DD5-A47C-457B-BFB6-F9B24205FD7E}.Debug|Any CPU.Build.0 = Debug|Any CPU
		{21FA2DD5-A47C-457B-BFB6-F9B24205FD7E}.Debug|x64.ActiveCfg = Debug|Any CPU
		{21FA2DD5-A47C-457B-BFB6-F9B24205FD7E}.Debug|x64.Build.0 = Debug|Any CPU
		{21FA2DD5-A47C-457B-BFB6-F9B24205FD7E}.Debug|x86.ActiveCfg = Debug|Any CPU
		{21FA2DD5-A47C-457B-BFB6-F9B24205FD7E}.Debug|x86.Build.0 = Debug|Any CPU
		{21FA2DD5-A47C-457B-BFB6-F9B24205FD7E}.Release|Any CPU.ActiveCfg = Release|Any CPU
		{21FA2DD5-A47C-457B-BFB6-F9B24205FD7E}.Release|Any CPU.Build.0 = Release|Any CPU
		{21FA2DD5-A47C-457B-BFB6-F9B24205FD7E}.Release|x64.ActiveCfg = Release|Any CPU
		{21FA2DD5-A47C-457B-BFB6-F9B24205FD7E}.Release|x64.Build.0 = Release|Any CPU
		{21FA2DD5-A47C-457B-BFB6-F9B24205FD7E}.Release|x86.ActiveCfg = Release|Any CPU
		{21FA2DD5-A47C-457B-BFB6-F9B24205FD7E}.Release|x86.Build.0 = Release|Any CPU
		{0103BED9-DDCC-4867-9DED-6CBC68D344AC}.Debug|Any CPU.ActiveCfg = Debug|Any CPU
		{0103BED9-DDCC-4867-9DED-6CBC68D344AC}.Debug|Any CPU.Build.0 = Debug|Any CPU
		{0103BED9-DDCC-4867-9DED-6CBC68D344AC}.Debug|x64.ActiveCfg = Debug|Any CPU
		{0103BED9-DDCC-4867-9DED-6CBC68D344AC}.Debug|x64.Build.0 = Debug|Any CPU
		{0103BED9-DDCC-4867-9DED-6CBC68D344AC}.Debug|x86.ActiveCfg = Debug|Any CPU
		{0103BED9-DDCC-4867-9DED-6CBC68D344AC}.Debug|x86.Build.0 = Debug|Any CPU
		{0103BED9-DDCC-4867-9DED-6CBC68D344AC}.Release|Any CPU.ActiveCfg = Release|Any CPU
		{0103BED9-DDCC-4867-9DED-6CBC68D344AC}.Release|Any CPU.Build.0 = Release|Any CPU
		{0103BED9-DDCC-4867-9DED-6CBC68D344AC}.Release|x64.ActiveCfg = Release|Any CPU
		{0103BED9-DDCC-4867-9DED-6CBC68D344AC}.Release|x64.Build.0 = Release|Any CPU
		{0103BED9-DDCC-4867-9DED-6CBC68D344AC}.Release|x86.ActiveCfg = Release|Any CPU
		{0103BED9-DDCC-4867-9DED-6CBC68D344AC}.Release|x86.Build.0 = Release|Any CPU
		{B8DD555A-04F0-4908-8B06-A21292648B2F}.Debug|Any CPU.ActiveCfg = Debug|Any CPU
		{B8DD555A-04F0-4908-8B06-A21292648B2F}.Debug|Any CPU.Build.0 = Debug|Any CPU
		{B8DD555A-04F0-4908-8B06-A21292648B2F}.Debug|x64.ActiveCfg = Debug|Any CPU
		{B8DD555A-04F0-4908-8B06-A21292648B2F}.Debug|x64.Build.0 = Debug|Any CPU
		{B8DD555A-04F0-4908-8B06-A21292648B2F}.Debug|x86.ActiveCfg = Debug|Any CPU
		{B8DD555A-04F0-4908-8B06-A21292648B2F}.Debug|x86.Build.0 = Debug|Any CPU
		{B8DD555A-04F0-4908-8B06-A21292648B2F}.Release|Any CPU.ActiveCfg = Release|Any CPU
		{B8DD555A-04F0-4908-8B06-A21292648B2F}.Release|Any CPU.Build.0 = Release|Any CPU
		{B8DD555A-04F0-4908-8B06-A21292648B2F}.Release|x64.ActiveCfg = Release|Any CPU
		{B8DD555A-04F0-4908-8B06-A21292648B2F}.Release|x64.Build.0 = Release|Any CPU
		{B8DD555A-04F0-4908-8B06-A21292648B2F}.Release|x86.ActiveCfg = Release|Any CPU
		{B8DD555A-04F0-4908-8B06-A21292648B2F}.Release|x86.Build.0 = Release|Any CPU
		{CA92D7D9-40AA-4B7B-BEBC-B9180CCEB7D6}.Debug|Any CPU.ActiveCfg = Debug|Any CPU
		{CA92D7D9-40AA-4B7B-BEBC-B9180CCEB7D6}.Debug|Any CPU.Build.0 = Debug|Any CPU
		{CA92D7D9-40AA-4B7B-BEBC-B9180CCEB7D6}.Debug|x64.ActiveCfg = Debug|Any CPU
		{CA92D7D9-40AA-4B7B-BEBC-B9180CCEB7D6}.Debug|x64.Build.0 = Debug|Any CPU
		{CA92D7D9-40AA-4B7B-BEBC-B9180CCEB7D6}.Debug|x86.ActiveCfg = Debug|Any CPU
		{CA92D7D9-40AA-4B7B-BEBC-B9180CCEB7D6}.Debug|x86.Build.0 = Debug|Any CPU
		{CA92D7D9-40AA-4B7B-BEBC-B9180CCEB7D6}.Release|Any CPU.ActiveCfg = Release|Any CPU
		{CA92D7D9-40AA-4B7B-BEBC-B9180CCEB7D6}.Release|Any CPU.Build.0 = Release|Any CPU
		{CA92D7D9-40AA-4B7B-BEBC-B9180CCEB7D6}.Release|x64.ActiveCfg = Release|Any CPU
		{CA92D7D9-40AA-4B7B-BEBC-B9180CCEB7D6}.Release|x64.Build.0 = Release|Any CPU
		{CA92D7D9-40AA-4B7B-BEBC-B9180CCEB7D6}.Release|x86.ActiveCfg = Release|Any CPU
		{CA92D7D9-40AA-4B7B-BEBC-B9180CCEB7D6}.Release|x86.Build.0 = Release|Any CPU
		{E0375D19-488A-4D5C-83E9-683552D5F4E5}.Debug|Any CPU.ActiveCfg = Debug|Any CPU
		{E0375D19-488A-4D5C-83E9-683552D5F4E5}.Debug|Any CPU.Build.0 = Debug|Any CPU
		{E0375D19-488A-4D5C-83E9-683552D5F4E5}.Debug|x64.ActiveCfg = Debug|Any CPU
		{E0375D19-488A-4D5C-83E9-683552D5F4E5}.Debug|x64.Build.0 = Debug|Any CPU
		{E0375D19-488A-4D5C-83E9-683552D5F4E5}.Debug|x86.ActiveCfg = Debug|Any CPU
		{E0375D19-488A-4D5C-83E9-683552D5F4E5}.Debug|x86.Build.0 = Debug|Any CPU
		{E0375D19-488A-4D5C-83E9-683552D5F4E5}.Release|Any CPU.ActiveCfg = Release|Any CPU
		{E0375D19-488A-4D5C-83E9-683552D5F4E5}.Release|Any CPU.Build.0 = Release|Any CPU
		{E0375D19-488A-4D5C-83E9-683552D5F4E5}.Release|x64.ActiveCfg = Release|Any CPU
		{E0375D19-488A-4D5C-83E9-683552D5F4E5}.Release|x64.Build.0 = Release|Any CPU
		{E0375D19-488A-4D5C-83E9-683552D5F4E5}.Release|x86.ActiveCfg = Release|Any CPU
		{E0375D19-488A-4D5C-83E9-683552D5F4E5}.Release|x86.Build.0 = Release|Any CPU
	EndGlobalSection
	GlobalSection(SolutionProperties) = preSolution
		HideSolutionNode = FALSE
	EndGlobalSection
	GlobalSection(NestedProjects) = preSolution
		{21FA2DD5-A47C-457B-BFB6-F9B24205FD7E} = {36ED7F1A-2E81-4A71-81FE-A357E5840A33}
		{0103BED9-DDCC-4867-9DED-6CBC68D344AC} = {36ED7F1A-2E81-4A71-81FE-A357E5840A33}
		{B8DD555A-04F0-4908-8B06-A21292648B2F} = {36ED7F1A-2E81-4A71-81FE-A357E5840A33}
		{CA92D7D9-40AA-4B7B-BEBC-B9180CCEB7D6} = {36ED7F1A-2E81-4A71-81FE-A357E5840A33}
		{E0375D19-488A-4D5C-83E9-683552D5F4E5} = {36ED7F1A-2E81-4A71-81FE-A357E5840A33}
	EndGlobalSection
	GlobalSection(ExtensibilityGlobals) = postSolution
		SolutionGuid = {43254130-CF3E-480E-952F-E50CA5D2E417}
	EndGlobalSection
	GlobalSection(Performance) = preSolution
		HasPerformanceSessions = true
	EndGlobalSection
EndGlobal
